
Microsoft Visual Studio Solution File, Format Version 12.00
# Visual Studio Version 16
VisualStudioVersion = 16.0.29215.179
MinimumVisualStudioVersion = 10.0.40219.1
Project("{FAE04EC0-301F-11D3-BF4B-00C04F79EFBC}") = "Web_Farmacia", "Web_Farmacia\Web_Farmacia.csproj", "{B0CAA4A6-FB60-47DD-B728-7F829FCE56E2}"
EndProject
Project("{FAE04EC0-301F-11D3-BF4B-00C04F79EFBC}") = "Datos", "Datos\Datos.csproj", "{9CD9B332-01F7-4050-B2B4-56965F5F32AF}"
EndProject
Global
	GlobalSection(SolutionConfigurationPlatforms) = preSolution
		Debug|Any CPU = Debug|Any CPU
		Release|Any CPU = Release|Any CPU
	EndGlobalSection
	GlobalSection(ProjectConfigurationPlatforms) = postSolution
		{B0CAA4A6-FB60-47DD-B728-7F829FCE56E2}.Debug|Any CPU.ActiveCfg = Debug|Any CPU
		{B0CAA4A6-FB60-47DD-B728-7F829FCE56E2}.Debug|Any CPU.Build.0 = Debug|Any CPU
		{B0CAA4A6-FB60-47DD-B728-7F829FCE56E2}.Release|Any CPU.ActiveCfg = Release|Any CPU
		{B0CAA4A6-FB60-47DD-B728-7F829FCE56E2}.Release|Any CPU.Build.0 = Release|Any CPU
		{9CD9B332-01F7-4050-B2B4-56965F5F32AF}.Debug|Any CPU.ActiveCfg = Debug|Any CPU
		{9CD9B332-01F7-4050-B2B4-56965F5F32AF}.Debug|Any CPU.Build.0 = Debug|Any CPU
		{9CD9B332-01F7-4050-B2B4-56965F5F32AF}.Release|Any CPU.ActiveCfg = Release|Any CPU
		{9CD9B332-01F7-4050-B2B4-56965F5F32AF}.Release|Any CPU.Build.0 = Release|Any CPU
	EndGlobalSection
	GlobalSection(SolutionProperties) = preSolution
		HideSolutionNode = FALSE
	EndGlobalSection
	GlobalSection(ExtensibilityGlobals) = postSolution
		SolutionGuid = {E4E9274F-E950-465A-BCA4-3112D0F790B6}
	EndGlobalSection
EndGlobal
